
Microsoft Visual Studio Solution File, Format Version 12.00
# Visual Studio Version 16
VisualStudioVersion = 16.0.30104.148
MinimumVisualStudioVersion = 10.0.40219.1
Project("{9A19103F-16F7-4668-BE54-9A1E7A4F7556}") = "Our.Umbraco.ExamineConfig", "Our.Umbraco.ExamineConfig\Our.Umbraco.ExamineConfig.csproj", "{07CF0F7A-ECEB-471D-A77D-9C26D542D4D8}"
EndProject
Global
	GlobalSection(SolutionConfigurationPlatforms) = preSolution
		Debug|Any CPU = Debug|Any CPU
		Release|Any CPU = Release|Any CPU
	EndGlobalSection
	GlobalSection(ProjectConfigurationPlatforms) = postSolution
		{07CF0F7A-ECEB-471D-A77D-9C26D542D4D8}.Debug|Any CPU.ActiveCfg = Debug|Any CPU
		{07CF0F7A-ECEB-471D-A77D-9C26D542D4D8}.Debug|Any CPU.Build.0 = Debug|Any CPU
		{07CF0F7A-ECEB-471D-A77D-9C26D542D4D8}.Release|Any CPU.ActiveCfg = Release|Any CPU
		{07CF0F7A-ECEB-471D-A77D-9C26D542D4D8}.Release|Any CPU.Build.0 = Release|Any CPU
	EndGlobalSection
	GlobalSection(SolutionProperties) = preSolution
		HideSolutionNode = FALSE
	EndGlobalSection
	GlobalSection(ExtensibilityGlobals) = postSolution
		SolutionGuid = {5BECE82B-9D98-465E-B3D0-5F2B95A7D1A8}
	EndGlobalSection
EndGlobal
